
Microsoft Visual Studio Solution File, Format Version 12.00
# Visual Studio Version 17
VisualStudioVersion = 17.8.34330.188
MinimumVisualStudioVersion = 10.0.40219.1
Project("{9A19103F-16F7-4668-BE54-9A1E7A4F7556}") = "MinimalAPIwithEFCore", "MinimalAPIwithEFCore\MinimalAPIwithEFCore.csproj", "{D750F92E-BB34-48CE-8002-2CD9B21C3354}"
EndProject
Project("{9A19103F-16F7-4668-BE54-9A1E7A4F7556}") = "MinimalAPIwithDapper", "MinimalAPIwithDapper\MinimalAPIwithDapper.csproj", "{11615FA0-DC9B-47BE-B4E6-A80DBF3E0323}"
EndProject
Project("{FAE04EC0-301F-11D3-BF4B-00C04F79EFBC}") = "MinimalAPIwithADONET", "MinimalAPIwithADONET\MinimalAPIwithADONET.csproj", "{273BE32E-D0D6-433A-9453-D2B982A3ACED}"
EndProject
Global
	GlobalSection(SolutionConfigurationPlatforms) = preSolution
		Debug|Any CPU = Debug|Any CPU
		Release|Any CPU = Release|Any CPU
	EndGlobalSection
	GlobalSection(ProjectConfigurationPlatforms) = postSolution
		{D750F92E-BB34-48CE-8002-2CD9B21C3354}.Debug|Any CPU.ActiveCfg = Debug|Any CPU
		{D750F92E-BB34-48CE-8002-2CD9B21C3354}.Debug|Any CPU.Build.0 = Debug|Any CPU
		{D750F92E-BB34-48CE-8002-2CD9B21C3354}.Release|Any CPU.ActiveCfg = Release|Any CPU
		{D750F92E-BB34-48CE-8002-2CD9B21C3354}.Release|Any CPU.Build.0 = Release|Any CPU
		{11615FA0-DC9B-47BE-B4E6-A80DBF3E0323}.Debug|Any CPU.ActiveCfg = Debug|Any CPU
		{11615FA0-DC9B-47BE-B4E6-A80DBF3E0323}.Debug|Any CPU.Build.0 = Debug|Any CPU
		{11615FA0-DC9B-47BE-B4E6-A80DBF3E0323}.Release|Any CPU.ActiveCfg = Release|Any CPU
		{11615FA0-DC9B-47BE-B4E6-A80DBF3E0323}.Release|Any CPU.Build.0 = Release|Any CPU
		{273BE32E-D0D6-433A-9453-D2B982A3ACED}.Debug|Any CPU.ActiveCfg = Debug|Any CPU
		{273BE32E-D0D6-433A-9453-D2B982A3ACED}.Debug|Any CPU.Build.0 = Debug|Any CPU
		{273BE32E-D0D6-433A-9453-D2B982A3ACED}.Release|Any CPU.ActiveCfg = Release|Any CPU
		{273BE32E-D0D6-433A-9453-D2B982A3ACED}.Release|Any CPU.Build.0 = Release|Any CPU
	EndGlobalSection
	GlobalSection(SolutionProperties) = preSolution
		HideSolutionNode = FALSE
	EndGlobalSection
	GlobalSection(ExtensibilityGlobals) = postSolution
		SolutionGuid = {332D0C76-20BB-4186-9ED3-1E0A1EEE2AC6}
	EndGlobalSection
EndGlobal
